
Microsoft Visual Studio Solution File, Format Version 12.00
# Visual Studio Version 17
VisualStudioVersion = 17.13.35931.197 d17.13
MinimumVisualStudioVersion = 10.0.40219.1
Project("{FAE04EC0-301F-11D3-BF4B-00C04F79EFBC}") = "MikasLibrary", "MikasLibrary\MikasLibrary.csproj", "{FF553D1C-D6A3-477D-8EBD-23E52D28AD3E}"
EndProject
Global
	GlobalSection(SolutionConfigurationPlatforms) = preSolution
		Debug|Any CPU = Debug|Any CPU
		Release|Any CPU = Release|Any CPU
	EndGlobalSection
	GlobalSection(ProjectConfigurationPlatforms) = postSolution
		{FF553D1C-D6A3-477D-8EBD-23E52D28AD3E}.Debug|Any CPU.ActiveCfg = Debug|Any CPU
		{FF553D1C-D6A3-477D-8EBD-23E52D28AD3E}.Debug|Any CPU.Build.0 = Debug|Any CPU
		{FF553D1C-D6A3-477D-8EBD-23E52D28AD3E}.Release|Any CPU.ActiveCfg = Release|Any CPU
		{FF553D1C-D6A3-477D-8EBD-23E52D28AD3E}.Release|Any CPU.Build.0 = Release|Any CPU
	EndGlobalSection
	GlobalSection(SolutionProperties) = preSolution
		HideSolutionNode = FALSE
	EndGlobalSection
	GlobalSection(ExtensibilityGlobals) = postSolution
		SolutionGuid = {9FAD3F2D-E969-470A-8D5C-5A1A2F77FBA9}
	EndGlobalSection
EndGlobal
